
Microsoft Visual Studio Solution File, Format Version 12.00
# Visual Studio 2012
Project("{FAE04EC0-301F-11D3-BF4B-00C04F79EFBC}") = "Body Mass Index Program Enhancement", "Body Mass Index Program Enhancement\Body Mass Index Program Enhancement.csproj", "{B2035C5E-923A-43A2-BC32-CFC4DC6D209C}"
EndProject
Global
	GlobalSection(SolutionConfigurationPlatforms) = preSolution
		Debug|Any CPU = Debug|Any CPU
		Release|Any CPU = Release|Any CPU
	EndGlobalSection
	GlobalSection(ProjectConfigurationPlatforms) = postSolution
		{B2035C5E-923A-43A2-BC32-CFC4DC6D209C}.Debug|Any CPU.ActiveCfg = Debug|Any CPU
		{B2035C5E-923A-43A2-BC32-CFC4DC6D209C}.Debug|Any CPU.Build.0 = Debug|Any CPU
		{B2035C5E-923A-43A2-BC32-CFC4DC6D209C}.Release|Any CPU.ActiveCfg = Release|Any CPU
		{B2035C5E-923A-43A2-BC32-CFC4DC6D209C}.Release|Any CPU.Build.0 = Release|Any CPU
	EndGlobalSection
	GlobalSection(SolutionProperties) = preSolution
		HideSolutionNode = FALSE
	EndGlobalSection
EndGlobal
